
Microsoft Visual Studio Solution File, Format Version 12.00
# Visual Studio Version 17
VisualStudioVersion = 17.7.34003.232
MinimumVisualStudioVersion = 10.0.40219.1
Project("{FAE04EC0-301F-11D3-BF4B-00C04F79EFBC}") = "Uppgift 2", "Uppgift 2\Uppgift 2.csproj", "{A21387CE-4B74-4EF9-AD12-06D92C818767}"
EndProject
Global
	GlobalSection(SolutionConfigurationPlatforms) = preSolution
		Debug|Any CPU = Debug|Any CPU
		Release|Any CPU = Release|Any CPU
	EndGlobalSection
	GlobalSection(ProjectConfigurationPlatforms) = postSolution
		{A21387CE-4B74-4EF9-AD12-06D92C818767}.Debug|Any CPU.ActiveCfg = Debug|Any CPU
		{A21387CE-4B74-4EF9-AD12-06D92C818767}.Debug|Any CPU.Build.0 = Debug|Any CPU
		{A21387CE-4B74-4EF9-AD12-06D92C818767}.Release|Any CPU.ActiveCfg = Release|Any CPU
		{A21387CE-4B74-4EF9-AD12-06D92C818767}.Release|Any CPU.Build.0 = Release|Any CPU
	EndGlobalSection
	GlobalSection(SolutionProperties) = preSolution
		HideSolutionNode = FALSE
	EndGlobalSection
	GlobalSection(ExtensibilityGlobals) = postSolution
		SolutionGuid = {CDEC4B2D-B429-47B3-BED8-9779356787CE}
	EndGlobalSection
EndGlobal
